
Microsoft Visual Studio Solution File, Format Version 12.00
# Visual Studio 2017
Project("{FAE04EC0-301F-11D3-BF4B-00C04F79EFBC}") = "2048", "2048.csproj", "{A38CB907-6DE8-CF5C-A7B4-914CECC6741B}"
EndProject
Project("{FAE04EC0-301F-11D3-BF4B-00C04F79EFBC}") = "2048.Editor", "2048.Editor.csproj", "{BA71AA00-8165-80DF-9619-4FDE652ABA68}"
EndProject
Global
	GlobalSection(SolutionConfigurationPlatforms) = preSolution
		Debug|Any CPU = Debug|Any CPU
		Release|Any CPU = Release|Any CPU
	EndGlobalSection
	GlobalSection(ProjectConfigurationPlatforms) = postSolution
		{A38CB907-6DE8-CF5C-A7B4-914CECC6741B}.Debug|Any CPU.ActiveCfg = Debug|Any CPU
		{A38CB907-6DE8-CF5C-A7B4-914CECC6741B}.Debug|Any CPU.Build.0 = Debug|Any CPU
		{A38CB907-6DE8-CF5C-A7B4-914CECC6741B}.Release|Any CPU.ActiveCfg = Release|Any CPU
		{A38CB907-6DE8-CF5C-A7B4-914CECC6741B}.Release|Any CPU.Build.0 = Release|Any CPU
		{BA71AA00-8165-80DF-9619-4FDE652ABA68}.Debug|Any CPU.ActiveCfg = Debug|Any CPU
		{BA71AA00-8165-80DF-9619-4FDE652ABA68}.Debug|Any CPU.Build.0 = Debug|Any CPU
		{BA71AA00-8165-80DF-9619-4FDE652ABA68}.Release|Any CPU.ActiveCfg = Release|Any CPU
		{BA71AA00-8165-80DF-9619-4FDE652ABA68}.Release|Any CPU.Build.0 = Release|Any CPU
	EndGlobalSection
	GlobalSection(SolutionProperties) = preSolution
		HideSolutionNode = FALSE
	EndGlobalSection
EndGlobal
